
Microsoft Visual Studio Solution File, Format Version 12.00
# Visual Studio 2013
VisualStudioVersion = 12.0.30501.0
MinimumVisualStudioVersion = 10.0.40219.1
Project("{FAE04EC0-301F-11D3-BF4B-00C04F79EFBC}") = "CrossOver.WCFService", "CrossOver.WCFService\CrossOver.WCFService.csproj", "{52F06D0F-9A7A-42E0-846C-AE38907E7DF6}"
EndProject
Project("{FAE04EC0-301F-11D3-BF4B-00C04F79EFBC}") = "CrossOver.Contracts", "CrossOver.Contracts\CrossOver.Contracts.csproj", "{0F4AA839-8443-4A7E-B4D0-F24A472F876D}"
EndProject
Global
	GlobalSection(SolutionConfigurationPlatforms) = preSolution
		Debug|Any CPU = Debug|Any CPU
		Release|Any CPU = Release|Any CPU
	EndGlobalSection
	GlobalSection(ProjectConfigurationPlatforms) = postSolution
		{52F06D0F-9A7A-42E0-846C-AE38907E7DF6}.Debug|Any CPU.ActiveCfg = Debug|Any CPU
		{52F06D0F-9A7A-42E0-846C-AE38907E7DF6}.Debug|Any CPU.Build.0 = Debug|Any CPU
		{52F06D0F-9A7A-42E0-846C-AE38907E7DF6}.Release|Any CPU.ActiveCfg = Release|Any CPU
		{52F06D0F-9A7A-42E0-846C-AE38907E7DF6}.Release|Any CPU.Build.0 = Release|Any CPU
		{0F4AA839-8443-4A7E-B4D0-F24A472F876D}.Debug|Any CPU.ActiveCfg = Debug|Any CPU
		{0F4AA839-8443-4A7E-B4D0-F24A472F876D}.Debug|Any CPU.Build.0 = Debug|Any CPU
		{0F4AA839-8443-4A7E-B4D0-F24A472F876D}.Release|Any CPU.ActiveCfg = Release|Any CPU
		{0F4AA839-8443-4A7E-B4D0-F24A472F876D}.Release|Any CPU.Build.0 = Release|Any CPU
	EndGlobalSection
	GlobalSection(SolutionProperties) = preSolution
		HideSolutionNode = FALSE
	EndGlobalSection
EndGlobal
