
Microsoft Visual Studio Solution File, Format Version 12.00
# Visual Studio 2013
VisualStudioVersion = 12.0.30501.0
MinimumVisualStudioVersion = 10.0.40219.1
Project("{FAE04EC0-301F-11D3-BF4B-00C04F79EFBC}") = "CrossOver.WCFService", "CrossOver.WCFService\CrossOver.WCFService.csproj", "{52F06D0F-9A7A-42E0-846C-AE38907E7DF6}"
EndProject
Project("{FAE04EC0-301F-11D3-BF4B-00C04F79EFBC}") = "CrossOver.Contracts", "CrossOver.Contracts\CrossOver.Contracts.csproj", "{0F4AA839-8443-4A7E-B4D0-F24A472F876D}"
EndProject
Project("{FAE04EC0-301F-11D3-BF4B-00C04F79EFBC}") = "CrossOver.Services", "CrossOver.Services\CrossOver.Services.csproj", "{11B9F1A7-FC45-4E11-B3F7-E9D5987CA735}"
EndProject
Project("{FAE04EC0-301F-11D3-BF4B-00C04F79EFBC}") = "CrossOver.Repositories", "CrossOver.Repositories\CrossOver.Repositories.csproj", "{1359157F-E797-4423-8501-5FA02C59B90F}"
EndProject
Project("{FAE04EC0-301F-11D3-BF4B-00C04F79EFBC}") = "CrossOver.Models", "CrossOver.Models\CrossOver.Models.csproj", "{B5ACE767-E55A-4E60-9843-71D8570F5D1F}"
EndProject
Project("{FAE04EC0-301F-11D3-BF4B-00C04F79EFBC}") = "CrossOver.DependencyResolution", "CrossOver.DependencyResolution\CrossOver.DependencyResolution.csproj", "{D4802452-BECA-4720-AC2A-ADBDFE4125E9}"
EndProject
Global
	GlobalSection(SolutionConfigurationPlatforms) = preSolution
		Debug|Any CPU = Debug|Any CPU
		Release|Any CPU = Release|Any CPU
	EndGlobalSection
	GlobalSection(ProjectConfigurationPlatforms) = postSolution
		{52F06D0F-9A7A-42E0-846C-AE38907E7DF6}.Debug|Any CPU.ActiveCfg = Debug|Any CPU
		{52F06D0F-9A7A-42E0-846C-AE38907E7DF6}.Debug|Any CPU.Build.0 = Debug|Any CPU
		{52F06D0F-9A7A-42E0-846C-AE38907E7DF6}.Release|Any CPU.ActiveCfg = Release|Any CPU
		{52F06D0F-9A7A-42E0-846C-AE38907E7DF6}.Release|Any CPU.Build.0 = Release|Any CPU
		{0F4AA839-8443-4A7E-B4D0-F24A472F876D}.Debug|Any CPU.ActiveCfg = Debug|Any CPU
		{0F4AA839-8443-4A7E-B4D0-F24A472F876D}.Debug|Any CPU.Build.0 = Debug|Any CPU
		{0F4AA839-8443-4A7E-B4D0-F24A472F876D}.Release|Any CPU.ActiveCfg = Release|Any CPU
		{0F4AA839-8443-4A7E-B4D0-F24A472F876D}.Release|Any CPU.Build.0 = Release|Any CPU
		{11B9F1A7-FC45-4E11-B3F7-E9D5987CA735}.Debug|Any CPU.ActiveCfg = Debug|Any CPU
		{11B9F1A7-FC45-4E11-B3F7-E9D5987CA735}.Debug|Any CPU.Build.0 = Debug|Any CPU
		{11B9F1A7-FC45-4E11-B3F7-E9D5987CA735}.Release|Any CPU.ActiveCfg = Release|Any CPU
		{11B9F1A7-FC45-4E11-B3F7-E9D5987CA735}.Release|Any CPU.Build.0 = Release|Any CPU
		{1359157F-E797-4423-8501-5FA02C59B90F}.Debug|Any CPU.ActiveCfg = Debug|Any CPU
		{1359157F-E797-4423-8501-5FA02C59B90F}.Debug|Any CPU.Build.0 = Debug|Any CPU
		{1359157F-E797-4423-8501-5FA02C59B90F}.Release|Any CPU.ActiveCfg = Release|Any CPU
		{1359157F-E797-4423-8501-5FA02C59B90F}.Release|Any CPU.Build.0 = Release|Any CPU
		{B5ACE767-E55A-4E60-9843-71D8570F5D1F}.Debug|Any CPU.ActiveCfg = Debug|Any CPU
		{B5ACE767-E55A-4E60-9843-71D8570F5D1F}.Debug|Any CPU.Build.0 = Debug|Any CPU
		{B5ACE767-E55A-4E60-9843-71D8570F5D1F}.Release|Any CPU.ActiveCfg = Release|Any CPU
		{B5ACE767-E55A-4E60-9843-71D8570F5D1F}.Release|Any CPU.Build.0 = Release|Any CPU
		{D4802452-BECA-4720-AC2A-ADBDFE4125E9}.Debug|Any CPU.ActiveCfg = Debug|Any CPU
		{D4802452-BECA-4720-AC2A-ADBDFE4125E9}.Debug|Any CPU.Build.0 = Debug|Any CPU
		{D4802452-BECA-4720-AC2A-ADBDFE4125E9}.Release|Any CPU.ActiveCfg = Release|Any CPU
		{D4802452-BECA-4720-AC2A-ADBDFE4125E9}.Release|Any CPU.Build.0 = Release|Any CPU
	EndGlobalSection
	GlobalSection(SolutionProperties) = preSolution
		HideSolutionNode = FALSE
	EndGlobalSection
EndGlobal
